
Microsoft Visual Studio Solution File, Format Version 12.00
Project("{2150E333-8FDC-42A3-9474-1A3956D46DE8}") = "App", "App", "{A067A0AF-0777-4CF0-B806-04EFF7F4BF81}"
EndProject
Project("{2150E333-8FDC-42A3-9474-1A3956D46DE8}") = "App.Contracts", "App.Contracts", "{584A430E-A9A4-4480-A9E2-7A2B7C33781E}"
EndProject
Project("{2150E333-8FDC-42A3-9474-1A3956D46DE8}") = "Base", "Base", "{6F56A2C2-E9C4-4D8C-A2E3-ADCE806E35A3}"
EndProject
Project("{2150E333-8FDC-42A3-9474-1A3956D46DE8}") = "Base.Contracts", "Base.Contracts", "{53D23F1B-F483-45B2-B310-9B8CAA91A05C}"
EndProject
Project("{2150E333-8FDC-42A3-9474-1A3956D46DE8}") = "SolutionItems", "SolutionItems", "{60746962-2E97-4BDC-9437-F0242D868CD6}"
	ProjectSection(SolutionItems) = preProject
		Directory.Build.props = Directory.Build.props
		..\.gitignore = ..\.gitignore
		..\README.md = ..\README.md
		UsefulCommands.txt = UsefulCommands.txt
		docker-compose.yml = docker-compose.yml
		.dockerignore = .dockerignore
		Dockerfile = Dockerfile
		PocketBar.pdf = PocketBar.pdf
	EndProjectSection
EndProject
Project("{FAE04EC0-301F-11D3-BF4B-00C04F79EFBC}") = "Base.Contracts.Domain", "Base.Contracts.Domain\Base.Contracts.Domain.csproj", "{8BEBE146-406C-4DFD-937E-5945C3963617}"
EndProject
Project("{FAE04EC0-301F-11D3-BF4B-00C04F79EFBC}") = "Base.Contracts.DAL", "Base.Contracts.DAL\Base.Contracts.DAL.csproj", "{1A5EFDC3-8508-4CA3-9E3F-69E5C1F7D8E2}"
EndProject
Project("{FAE04EC0-301F-11D3-BF4B-00C04F79EFBC}") = "Base.Contracts.BLL", "Base.Contracts.BLL\Base.Contracts.BLL.csproj", "{CCD0E7A5-55E6-4EF1-BA54-273A831622EF}"
EndProject
Project("{FAE04EC0-301F-11D3-BF4B-00C04F79EFBC}") = "Base.BLL", "Base.BLL\Base.BLL.csproj", "{B9C320B8-BA28-4A1F-AAD4-80463A6A08BC}"
EndProject
Project("{FAE04EC0-301F-11D3-BF4B-00C04F79EFBC}") = "Base.DAL.EF", "Base.DAL.EF\Base.DAL.EF.csproj", "{8F107448-1F5D-4655-9AF7-322024075E80}"
EndProject
Project("{FAE04EC0-301F-11D3-BF4B-00C04F79EFBC}") = "Base.DAL.EF.Exceptions", "Base.DAL.EF.Exceptions\Base.DAL.EF.Exceptions.csproj", "{46991F35-F357-49C0-ACA4-6565C44A1276}"
EndProject
Project("{FAE04EC0-301F-11D3-BF4B-00C04F79EFBC}") = "Base.DAL.EF.Helpers", "Base.DAL.EF.Helpers\Base.DAL.EF.Helpers.csproj", "{ABE4C8A5-3B41-4E70-873C-E2966F3C02AA}"
EndProject
Project("{FAE04EC0-301F-11D3-BF4B-00C04F79EFBC}") = "Base.Domain", "Base.Domain\Base.Domain.csproj", "{F6FD22EB-5EF3-4D4B-B11F-C4BDCD7CF585}"
EndProject
Project("{FAE04EC0-301F-11D3-BF4B-00C04F79EFBC}") = "Base.Extensions", "Base.Extensions\Base.Extensions.csproj", "{5858F07C-D362-4F82-B4EB-AF3AF4FCCC9B}"
EndProject
Project("{FAE04EC0-301F-11D3-BF4B-00C04F79EFBC}") = "Base.Extensions.Exceptions", "Base.Extensions.Exceptions\Base.Extensions.Exceptions.csproj", "{6C246F12-C7E6-4FC8-B23D-2F27089CE3EB}"
EndProject
Project("{FAE04EC0-301F-11D3-BF4B-00C04F79EFBC}") = "Base.Resources", "Base.Resources\Base.Resources.csproj", "{6E1FD260-C1F4-4700-B781-F83136121988}"
EndProject
Project("{FAE04EC0-301F-11D3-BF4B-00C04F79EFBC}") = "Base.WebApp.Helpers", "Base.WebApp.Helpers\Base.WebApp.Helpers.csproj", "{8871988C-1899-499D-8DA6-D3AA305C66D8}"
EndProject
Project("{FAE04EC0-301F-11D3-BF4B-00C04F79EFBC}") = "App.Domain", "App.Domain\App.Domain.csproj", "{D1DEE354-D57B-4EFA-8F87-BB7A36197602}"
EndProject
Project("{FAE04EC0-301F-11D3-BF4B-00C04F79EFBC}") = "App.BLL.DTO", "App.BLL.DTO\App.BLL.DTO.csproj", "{F00D834E-601B-4334-8791-951BDDDD7A07}"
EndProject
Project("{FAE04EC0-301F-11D3-BF4B-00C04F79EFBC}") = "App.DAL.DTO", "App.DAL.DTO\App.DAL.DTO.csproj", "{23CFE5E1-399C-4F8E-99EA-75E94ADE555F}"
EndProject
Project("{FAE04EC0-301F-11D3-BF4B-00C04F79EFBC}") = "App.BLL", "App.BLL\App.BLL.csproj", "{439C0633-175F-4A69-B3D0-E6A1E3569652}"
EndProject
Project("{FAE04EC0-301F-11D3-BF4B-00C04F79EFBC}") = "App.DAL.EF", "App.DAL.EF\App.DAL.EF.csproj", "{DA2B8E29-9715-405C-A09E-334810CCD03D}"
EndProject
Project("{FAE04EC0-301F-11D3-BF4B-00C04F79EFBC}") = "App.Resources", "App.Resources\App.Resources.csproj", "{F5AC1558-4221-41B8-95B7-F8A016337726}"
EndProject
Project("{FAE04EC0-301F-11D3-BF4B-00C04F79EFBC}") = "App.Contracts.BLL", "App.Contracts.BLL\App.Contracts.BLL.csproj", "{5A642F08-DFDB-44EE-9A93-F900A97C451C}"
EndProject
Project("{FAE04EC0-301F-11D3-BF4B-00C04F79EFBC}") = "App.Contracts.DAL", "App.Contracts.DAL\App.Contracts.DAL.csproj", "{E7966407-53E3-4E3E-A89B-A84DB2D736D7}"
EndProject
Project("{FAE04EC0-301F-11D3-BF4B-00C04F79EFBC}") = "WebApp", "WebApp\WebApp.csproj", "{C73828B6-3369-44C0-B19C-9D693677A1D4}"
EndProject
Project("{2150E333-8FDC-42A3-9474-1A3956D46DE8}") = "Api.DTO", "Api.DTO", "{B124745A-EFD6-45A1-AE0A-D5719270EA49}"
EndProject
Project("{FAE04EC0-301F-11D3-BF4B-00C04F79EFBC}") = "Api.DTO.v1", "Api.DTO.v1\Api.DTO.v1.csproj", "{A0DA5CA5-D4D9-4646-98C7-C9EE8A03A91D}"
EndProject
Project("{FAE04EC0-301F-11D3-BF4B-00C04F79EFBC}") = "Testing.WebApp", "Testing.WebApp\Testing.WebApp.csproj", "{3562EF4D-CEFA-43A8-AF1C-3F0197B4BC34}"
EndProject
Project("{2150E333-8FDC-42A3-9474-1A3956D46DE8}") = "App.Testing", "App.Testing", "{75DDC119-02B4-400A-96CB-B0F1498D4BE9}"
EndProject
Global
	GlobalSection(SolutionConfigurationPlatforms) = preSolution
		Debug|Any CPU = Debug|Any CPU
		Release|Any CPU = Release|Any CPU
	EndGlobalSection
	GlobalSection(ProjectConfigurationPlatforms) = postSolution
		{8BEBE146-406C-4DFD-937E-5945C3963617}.Debug|Any CPU.ActiveCfg = Debug|Any CPU
		{8BEBE146-406C-4DFD-937E-5945C3963617}.Debug|Any CPU.Build.0 = Debug|Any CPU
		{8BEBE146-406C-4DFD-937E-5945C3963617}.Release|Any CPU.ActiveCfg = Release|Any CPU
		{8BEBE146-406C-4DFD-937E-5945C3963617}.Release|Any CPU.Build.0 = Release|Any CPU
		{1A5EFDC3-8508-4CA3-9E3F-69E5C1F7D8E2}.Debug|Any CPU.ActiveCfg = Debug|Any CPU
		{1A5EFDC3-8508-4CA3-9E3F-69E5C1F7D8E2}.Debug|Any CPU.Build.0 = Debug|Any CPU
		{1A5EFDC3-8508-4CA3-9E3F-69E5C1F7D8E2}.Release|Any CPU.ActiveCfg = Release|Any CPU
		{1A5EFDC3-8508-4CA3-9E3F-69E5C1F7D8E2}.Release|Any CPU.Build.0 = Release|Any CPU
		{CCD0E7A5-55E6-4EF1-BA54-273A831622EF}.Debug|Any CPU.ActiveCfg = Debug|Any CPU
		{CCD0E7A5-55E6-4EF1-BA54-273A831622EF}.Debug|Any CPU.Build.0 = Debug|Any CPU
		{CCD0E7A5-55E6-4EF1-BA54-273A831622EF}.Release|Any CPU.ActiveCfg = Release|Any CPU
		{CCD0E7A5-55E6-4EF1-BA54-273A831622EF}.Release|Any CPU.Build.0 = Release|Any CPU
		{B9C320B8-BA28-4A1F-AAD4-80463A6A08BC}.Debug|Any CPU.ActiveCfg = Debug|Any CPU
		{B9C320B8-BA28-4A1F-AAD4-80463A6A08BC}.Debug|Any CPU.Build.0 = Debug|Any CPU
		{B9C320B8-BA28-4A1F-AAD4-80463A6A08BC}.Release|Any CPU.ActiveCfg = Release|Any CPU
		{B9C320B8-BA28-4A1F-AAD4-80463A6A08BC}.Release|Any CPU.Build.0 = Release|Any CPU
		{8F107448-1F5D-4655-9AF7-322024075E80}.Debug|Any CPU.ActiveCfg = Debug|Any CPU
		{8F107448-1F5D-4655-9AF7-322024075E80}.Debug|Any CPU.Build.0 = Debug|Any CPU
		{8F107448-1F5D-4655-9AF7-322024075E80}.Release|Any CPU.ActiveCfg = Release|Any CPU
		{8F107448-1F5D-4655-9AF7-322024075E80}.Release|Any CPU.Build.0 = Release|Any CPU
		{46991F35-F357-49C0-ACA4-6565C44A1276}.Debug|Any CPU.ActiveCfg = Debug|Any CPU
		{46991F35-F357-49C0-ACA4-6565C44A1276}.Debug|Any CPU.Build.0 = Debug|Any CPU
		{46991F35-F357-49C0-ACA4-6565C44A1276}.Release|Any CPU.ActiveCfg = Release|Any CPU
		{46991F35-F357-49C0-ACA4-6565C44A1276}.Release|Any CPU.Build.0 = Release|Any CPU
		{ABE4C8A5-3B41-4E70-873C-E2966F3C02AA}.Debug|Any CPU.ActiveCfg = Debug|Any CPU
		{ABE4C8A5-3B41-4E70-873C-E2966F3C02AA}.Debug|Any CPU.Build.0 = Debug|Any CPU
		{ABE4C8A5-3B41-4E70-873C-E2966F3C02AA}.Release|Any CPU.ActiveCfg = Release|Any CPU
		{ABE4C8A5-3B41-4E70-873C-E2966F3C02AA}.Release|Any CPU.Build.0 = Release|Any CPU
		{F6FD22EB-5EF3-4D4B-B11F-C4BDCD7CF585}.Debug|Any CPU.ActiveCfg = Debug|Any CPU
		{F6FD22EB-5EF3-4D4B-B11F-C4BDCD7CF585}.Debug|Any CPU.Build.0 = Debug|Any CPU
		{F6FD22EB-5EF3-4D4B-B11F-C4BDCD7CF585}.Release|Any CPU.ActiveCfg = Release|Any CPU
		{F6FD22EB-5EF3-4D4B-B11F-C4BDCD7CF585}.Release|Any CPU.Build.0 = Release|Any CPU
		{5858F07C-D362-4F82-B4EB-AF3AF4FCCC9B}.Debug|Any CPU.ActiveCfg = Debug|Any CPU
		{5858F07C-D362-4F82-B4EB-AF3AF4FCCC9B}.Debug|Any CPU.Build.0 = Debug|Any CPU
		{5858F07C-D362-4F82-B4EB-AF3AF4FCCC9B}.Release|Any CPU.ActiveCfg = Release|Any CPU
		{5858F07C-D362-4F82-B4EB-AF3AF4FCCC9B}.Release|Any CPU.Build.0 = Release|Any CPU
		{6C246F12-C7E6-4FC8-B23D-2F27089CE3EB}.Debug|Any CPU.ActiveCfg = Debug|Any CPU
		{6C246F12-C7E6-4FC8-B23D-2F27089CE3EB}.Debug|Any CPU.Build.0 = Debug|Any CPU
		{6C246F12-C7E6-4FC8-B23D-2F27089CE3EB}.Release|Any CPU.ActiveCfg = Release|Any CPU
		{6C246F12-C7E6-4FC8-B23D-2F27089CE3EB}.Release|Any CPU.Build.0 = Release|Any CPU
		{6E1FD260-C1F4-4700-B781-F83136121988}.Debug|Any CPU.ActiveCfg = Debug|Any CPU
		{6E1FD260-C1F4-4700-B781-F83136121988}.Debug|Any CPU.Build.0 = Debug|Any CPU
		{6E1FD260-C1F4-4700-B781-F83136121988}.Release|Any CPU.ActiveCfg = Release|Any CPU
		{6E1FD260-C1F4-4700-B781-F83136121988}.Release|Any CPU.Build.0 = Release|Any CPU
		{8871988C-1899-499D-8DA6-D3AA305C66D8}.Debug|Any CPU.ActiveCfg = Debug|Any CPU
		{8871988C-1899-499D-8DA6-D3AA305C66D8}.Debug|Any CPU.Build.0 = Debug|Any CPU
		{8871988C-1899-499D-8DA6-D3AA305C66D8}.Release|Any CPU.ActiveCfg = Release|Any CPU
		{8871988C-1899-499D-8DA6-D3AA305C66D8}.Release|Any CPU.Build.0 = Release|Any CPU
		{D1DEE354-D57B-4EFA-8F87-BB7A36197602}.Debug|Any CPU.ActiveCfg = Debug|Any CPU
		{D1DEE354-D57B-4EFA-8F87-BB7A36197602}.Debug|Any CPU.Build.0 = Debug|Any CPU
		{D1DEE354-D57B-4EFA-8F87-BB7A36197602}.Release|Any CPU.ActiveCfg = Release|Any CPU
		{D1DEE354-D57B-4EFA-8F87-BB7A36197602}.Release|Any CPU.Build.0 = Release|Any CPU
		{F00D834E-601B-4334-8791-951BDDDD7A07}.Debug|Any CPU.ActiveCfg = Debug|Any CPU
		{F00D834E-601B-4334-8791-951BDDDD7A07}.Debug|Any CPU.Build.0 = Debug|Any CPU
		{F00D834E-601B-4334-8791-951BDDDD7A07}.Release|Any CPU.ActiveCfg = Release|Any CPU
		{F00D834E-601B-4334-8791-951BDDDD7A07}.Release|Any CPU.Build.0 = Release|Any CPU
		{23CFE5E1-399C-4F8E-99EA-75E94ADE555F}.Debug|Any CPU.ActiveCfg = Debug|Any CPU
		{23CFE5E1-399C-4F8E-99EA-75E94ADE555F}.Debug|Any CPU.Build.0 = Debug|Any CPU
		{23CFE5E1-399C-4F8E-99EA-75E94ADE555F}.Release|Any CPU.ActiveCfg = Release|Any CPU
		{23CFE5E1-399C-4F8E-99EA-75E94ADE555F}.Release|Any CPU.Build.0 = Release|Any CPU
		{439C0633-175F-4A69-B3D0-E6A1E3569652}.Debug|Any CPU.ActiveCfg = Debug|Any CPU
		{439C0633-175F-4A69-B3D0-E6A1E3569652}.Debug|Any CPU.Build.0 = Debug|Any CPU
		{439C0633-175F-4A69-B3D0-E6A1E3569652}.Release|Any CPU.ActiveCfg = Release|Any CPU
		{439C0633-175F-4A69-B3D0-E6A1E3569652}.Release|Any CPU.Build.0 = Release|Any CPU
		{DA2B8E29-9715-405C-A09E-334810CCD03D}.Debug|Any CPU.ActiveCfg = Debug|Any CPU
		{DA2B8E29-9715-405C-A09E-334810CCD03D}.Debug|Any CPU.Build.0 = Debug|Any CPU
		{DA2B8E29-9715-405C-A09E-334810CCD03D}.Release|Any CPU.ActiveCfg = Release|Any CPU
		{DA2B8E29-9715-405C-A09E-334810CCD03D}.Release|Any CPU.Build.0 = Release|Any CPU
		{F5AC1558-4221-41B8-95B7-F8A016337726}.Debug|Any CPU.ActiveCfg = Debug|Any CPU
		{F5AC1558-4221-41B8-95B7-F8A016337726}.Debug|Any CPU.Build.0 = Debug|Any CPU
		{F5AC1558-4221-41B8-95B7-F8A016337726}.Release|Any CPU.ActiveCfg = Release|Any CPU
		{F5AC1558-4221-41B8-95B7-F8A016337726}.Release|Any CPU.Build.0 = Release|Any CPU
		{5A642F08-DFDB-44EE-9A93-F900A97C451C}.Debug|Any CPU.ActiveCfg = Debug|Any CPU
		{5A642F08-DFDB-44EE-9A93-F900A97C451C}.Debug|Any CPU.Build.0 = Debug|Any CPU
		{5A642F08-DFDB-44EE-9A93-F900A97C451C}.Release|Any CPU.ActiveCfg = Release|Any CPU
		{5A642F08-DFDB-44EE-9A93-F900A97C451C}.Release|Any CPU.Build.0 = Release|Any CPU
		{E7966407-53E3-4E3E-A89B-A84DB2D736D7}.Debug|Any CPU.ActiveCfg = Debug|Any CPU
		{E7966407-53E3-4E3E-A89B-A84DB2D736D7}.Debug|Any CPU.Build.0 = Debug|Any CPU
		{E7966407-53E3-4E3E-A89B-A84DB2D736D7}.Release|Any CPU.ActiveCfg = Release|Any CPU
		{E7966407-53E3-4E3E-A89B-A84DB2D736D7}.Release|Any CPU.Build.0 = Release|Any CPU
		{C73828B6-3369-44C0-B19C-9D693677A1D4}.Debug|Any CPU.ActiveCfg = Debug|Any CPU
		{C73828B6-3369-44C0-B19C-9D693677A1D4}.Debug|Any CPU.Build.0 = Debug|Any CPU
		{C73828B6-3369-44C0-B19C-9D693677A1D4}.Release|Any CPU.ActiveCfg = Release|Any CPU
		{C73828B6-3369-44C0-B19C-9D693677A1D4}.Release|Any CPU.Build.0 = Release|Any CPU
		{A0DA5CA5-D4D9-4646-98C7-C9EE8A03A91D}.Debug|Any CPU.ActiveCfg = Debug|Any CPU
		{A0DA5CA5-D4D9-4646-98C7-C9EE8A03A91D}.Debug|Any CPU.Build.0 = Debug|Any CPU
		{A0DA5CA5-D4D9-4646-98C7-C9EE8A03A91D}.Release|Any CPU.ActiveCfg = Release|Any CPU
		{A0DA5CA5-D4D9-4646-98C7-C9EE8A03A91D}.Release|Any CPU.Build.0 = Release|Any CPU
		{3562EF4D-CEFA-43A8-AF1C-3F0197B4BC34}.Debug|Any CPU.ActiveCfg = Debug|Any CPU
		{3562EF4D-CEFA-43A8-AF1C-3F0197B4BC34}.Debug|Any CPU.Build.0 = Debug|Any CPU
		{3562EF4D-CEFA-43A8-AF1C-3F0197B4BC34}.Release|Any CPU.ActiveCfg = Release|Any CPU
		{3562EF4D-CEFA-43A8-AF1C-3F0197B4BC34}.Release|Any CPU.Build.0 = Release|Any CPU
	EndGlobalSection
	GlobalSection(NestedProjects) = preSolution
		{8BEBE146-406C-4DFD-937E-5945C3963617} = {53D23F1B-F483-45B2-B310-9B8CAA91A05C}
		{1A5EFDC3-8508-4CA3-9E3F-69E5C1F7D8E2} = {53D23F1B-F483-45B2-B310-9B8CAA91A05C}
		{CCD0E7A5-55E6-4EF1-BA54-273A831622EF} = {53D23F1B-F483-45B2-B310-9B8CAA91A05C}
		{B9C320B8-BA28-4A1F-AAD4-80463A6A08BC} = {6F56A2C2-E9C4-4D8C-A2E3-ADCE806E35A3}
		{8F107448-1F5D-4655-9AF7-322024075E80} = {6F56A2C2-E9C4-4D8C-A2E3-ADCE806E35A3}
		{46991F35-F357-49C0-ACA4-6565C44A1276} = {6F56A2C2-E9C4-4D8C-A2E3-ADCE806E35A3}
		{ABE4C8A5-3B41-4E70-873C-E2966F3C02AA} = {6F56A2C2-E9C4-4D8C-A2E3-ADCE806E35A3}
		{F6FD22EB-5EF3-4D4B-B11F-C4BDCD7CF585} = {6F56A2C2-E9C4-4D8C-A2E3-ADCE806E35A3}
		{5858F07C-D362-4F82-B4EB-AF3AF4FCCC9B} = {6F56A2C2-E9C4-4D8C-A2E3-ADCE806E35A3}
		{6C246F12-C7E6-4FC8-B23D-2F27089CE3EB} = {6F56A2C2-E9C4-4D8C-A2E3-ADCE806E35A3}
		{6E1FD260-C1F4-4700-B781-F83136121988} = {6F56A2C2-E9C4-4D8C-A2E3-ADCE806E35A3}
		{8871988C-1899-499D-8DA6-D3AA305C66D8} = {6F56A2C2-E9C4-4D8C-A2E3-ADCE806E35A3}
		{D1DEE354-D57B-4EFA-8F87-BB7A36197602} = {A067A0AF-0777-4CF0-B806-04EFF7F4BF81}
		{F00D834E-601B-4334-8791-951BDDDD7A07} = {A067A0AF-0777-4CF0-B806-04EFF7F4BF81}
		{23CFE5E1-399C-4F8E-99EA-75E94ADE555F} = {A067A0AF-0777-4CF0-B806-04EFF7F4BF81}
		{439C0633-175F-4A69-B3D0-E6A1E3569652} = {A067A0AF-0777-4CF0-B806-04EFF7F4BF81}
		{DA2B8E29-9715-405C-A09E-334810CCD03D} = {A067A0AF-0777-4CF0-B806-04EFF7F4BF81}
		{F5AC1558-4221-41B8-95B7-F8A016337726} = {A067A0AF-0777-4CF0-B806-04EFF7F4BF81}
		{5A642F08-DFDB-44EE-9A93-F900A97C451C} = {584A430E-A9A4-4480-A9E2-7A2B7C33781E}
		{E7966407-53E3-4E3E-A89B-A84DB2D736D7} = {584A430E-A9A4-4480-A9E2-7A2B7C33781E}
		{C73828B6-3369-44C0-B19C-9D693677A1D4} = {A067A0AF-0777-4CF0-B806-04EFF7F4BF81}
		{A0DA5CA5-D4D9-4646-98C7-C9EE8A03A91D} = {B124745A-EFD6-45A1-AE0A-D5719270EA49}
		{3562EF4D-CEFA-43A8-AF1C-3F0197B4BC34} = {75DDC119-02B4-400A-96CB-B0F1498D4BE9}
	EndGlobalSection
EndGlobal
